
Microsoft Visual Studio Solution File, Format Version 12.00
# Visual Studio Version 16
VisualStudioVersion = 16.0.29418.71
MinimumVisualStudioVersion = 10.0.40219.1
Project("{FAE04EC0-301F-11D3-BF4B-00C04F79EFBC}") = "LAB_2", "LAB_2\LAB_2.csproj", "{6E16D2FB-828C-4A80-9BD7-747DBBC44C6C}"
EndProject
Global
	GlobalSection(SolutionConfigurationPlatforms) = preSolution
		Debug|Any CPU = Debug|Any CPU
		Release|Any CPU = Release|Any CPU
	EndGlobalSection
	GlobalSection(ProjectConfigurationPlatforms) = postSolution
		{6E16D2FB-828C-4A80-9BD7-747DBBC44C6C}.Debug|Any CPU.ActiveCfg = Debug|Any CPU
		{6E16D2FB-828C-4A80-9BD7-747DBBC44C6C}.Debug|Any CPU.Build.0 = Debug|Any CPU
		{6E16D2FB-828C-4A80-9BD7-747DBBC44C6C}.Release|Any CPU.ActiveCfg = Release|Any CPU
		{6E16D2FB-828C-4A80-9BD7-747DBBC44C6C}.Release|Any CPU.Build.0 = Release|Any CPU
	EndGlobalSection
	GlobalSection(SolutionProperties) = preSolution
		HideSolutionNode = FALSE
	EndGlobalSection
	GlobalSection(ExtensibilityGlobals) = postSolution
		SolutionGuid = {E099E977-6C68-4AD9-858B-7BB337D16CA6}
	EndGlobalSection
EndGlobal
